
Microsoft Visual Studio Solution File, Format Version 12.00
# Visual Studio Version 16
VisualStudioVersion = 16.0.29306.81
MinimumVisualStudioVersion = 10.0.40219.1
Project("{2150E333-8FDC-42A3-9474-1A3956D46DE8}") = "Dependencies", "Dependencies", "{AF36576B-C728-4057-AE4F-937BFB04F43D}"
EndProject
Project("{9A19103F-16F7-4668-BE54-9A1E7A4F7556}") = "CSharpExt", "..\CSharpExt\CSharpExt\CSharpExt.csproj", "{C56B9607-41CF-4F59-9EEF-F79D57309EDA}"
EndProject
Project("{9A19103F-16F7-4668-BE54-9A1E7A4F7556}") = "Loqui", "..\Loqui\Loqui\Loqui.csproj", "{91F19C1E-ADF8-4B84-9452-04C2CD8F46D4}"
EndProject
Project("{9A19103F-16F7-4668-BE54-9A1E7A4F7556}") = "Loqui.Generation", "..\Loqui\Loqui.Generation\Loqui.Generation.csproj", "{5ED43AC5-E456-4894-A253-60B3B3D35D87}"
EndProject
Project("{9A19103F-16F7-4668-BE54-9A1E7A4F7556}") = "Loqui.Generation.Presentation", "..\Loqui\Loqui.Generation.Presentation\Loqui.Generation.Presentation.csproj", "{70DC5884-5522-4552-82B5-56C95065155E}"
EndProject
Project("{9A19103F-16F7-4668-BE54-9A1E7A4F7556}") = "Loqui.Presentation", "..\Loqui\Loqui.Presentation\Loqui.Presentation.csproj", "{B5F2E08D-4A16-4B38-82E6-AD3BB2BBFB29}"
EndProject
Project("{9A19103F-16F7-4668-BE54-9A1E7A4F7556}") = "Mutagen.Bethesda", "Mutagen.Bethesda\Mutagen.Bethesda.csproj", "{4D6DBB44-B89A-47A8-AB14-ACC8391C1A59}"
EndProject
Project("{9A19103F-16F7-4668-BE54-9A1E7A4F7556}") = "CSharpExt.Benchmark", "..\CSharpExt\CSharpExt.Benchmark\CSharpExt.Benchmark.csproj", "{FFB18690-4914-40D3-9BA2-4968DFFB3225}"
EndProject
Project("{9A19103F-16F7-4668-BE54-9A1E7A4F7556}") = "Mutagen.Bethesda.Tests", "Mutagen.Bethesda.Tests\Mutagen.Bethesda.Tests.csproj", "{E64E58E8-E2C6-4B2C-B649-2934FFFA603F}"
EndProject
Project("{9A19103F-16F7-4668-BE54-9A1E7A4F7556}") = "Mutagen.Bethesda.Tester", "Mutagen.Bethesda.Tester\Mutagen.Bethesda.Tester.csproj", "{01D07ECE-426E-49A6-AB3F-326BFAAFE407}"
EndProject
Project("{9A19103F-16F7-4668-BE54-9A1E7A4F7556}") = "CSharpExt.UnitTests", "..\CSharpExt\CSharpExt.UnitTests\CSharpExt.UnitTests.csproj", "{7D5ED080-106F-4A21-A724-54A53B5080A4}"
EndProject
Project("{9A19103F-16F7-4668-BE54-9A1E7A4F7556}") = "Mutagen.Bethesda.Records", "Mutagen.Bethesda.Records\Mutagen.Bethesda.Records.csproj", "{8B371C38-CA17-4E7F-9175-BDBC6918298F}"
EndProject
Project("{9A19103F-16F7-4668-BE54-9A1E7A4F7556}") = "Noggog.WPF", "..\CSharpExt\Noggog.WPF\Noggog.WPF.csproj", "{BCBEB6F3-9D2F-4491-8DDF-7E711B1F5252}"
EndProject
Project("{9A19103F-16F7-4668-BE54-9A1E7A4F7556}") = "Mutagen.Bethesda.Examples", "Mutagen.Bethesda.Examples\Mutagen.Bethesda.Examples.csproj", "{19A37042-59E7-4E14-B930-7AB04DE039C2}"
EndProject
Project("{9A19103F-16F7-4668-BE54-9A1E7A4F7556}") = "Mutagen.Bethesda.Generation", "Mutagen.Bethesda.Generation\Mutagen.Bethesda.Generation.csproj", "{3099A5D7-A0F3-4D3B-87B8-5E3A7571AFDE}"
EndProject
Project("{9A19103F-16F7-4668-BE54-9A1E7A4F7556}") = "Mutagen.Bethesda.UnitTests", "Mutagen.Bethesda.UnitTests\Mutagen.Bethesda.UnitTests.csproj", "{0BF7565B-7AF2-4D7D-A450-043AD601FF57}"
EndProject
Global
	GlobalSection(SolutionConfigurationPlatforms) = preSolution
		Debug|Any CPU = Debug|Any CPU
		Release|Any CPU = Release|Any CPU
	EndGlobalSection
	GlobalSection(ProjectConfigurationPlatforms) = postSolution
		{C56B9607-41CF-4F59-9EEF-F79D57309EDA}.Debug|Any CPU.ActiveCfg = Debug|Any CPU
		{C56B9607-41CF-4F59-9EEF-F79D57309EDA}.Debug|Any CPU.Build.0 = Debug|Any CPU
		{C56B9607-41CF-4F59-9EEF-F79D57309EDA}.Release|Any CPU.ActiveCfg = Release|Any CPU
		{C56B9607-41CF-4F59-9EEF-F79D57309EDA}.Release|Any CPU.Build.0 = Release|Any CPU
		{91F19C1E-ADF8-4B84-9452-04C2CD8F46D4}.Debug|Any CPU.ActiveCfg = Debug|Any CPU
		{91F19C1E-ADF8-4B84-9452-04C2CD8F46D4}.Debug|Any CPU.Build.0 = Debug|Any CPU
		{91F19C1E-ADF8-4B84-9452-04C2CD8F46D4}.Release|Any CPU.ActiveCfg = Release|Any CPU
		{91F19C1E-ADF8-4B84-9452-04C2CD8F46D4}.Release|Any CPU.Build.0 = Release|Any CPU
		{5ED43AC5-E456-4894-A253-60B3B3D35D87}.Debug|Any CPU.ActiveCfg = Debug|Any CPU
		{5ED43AC5-E456-4894-A253-60B3B3D35D87}.Debug|Any CPU.Build.0 = Debug|Any CPU
		{5ED43AC5-E456-4894-A253-60B3B3D35D87}.Release|Any CPU.ActiveCfg = Release|Any CPU
		{5ED43AC5-E456-4894-A253-60B3B3D35D87}.Release|Any CPU.Build.0 = Release|Any CPU
		{70DC5884-5522-4552-82B5-56C95065155E}.Debug|Any CPU.ActiveCfg = Debug|Any CPU
		{70DC5884-5522-4552-82B5-56C95065155E}.Debug|Any CPU.Build.0 = Debug|Any CPU
		{70DC5884-5522-4552-82B5-56C95065155E}.Release|Any CPU.ActiveCfg = Release|Any CPU
		{70DC5884-5522-4552-82B5-56C95065155E}.Release|Any CPU.Build.0 = Release|Any CPU
		{B5F2E08D-4A16-4B38-82E6-AD3BB2BBFB29}.Debug|Any CPU.ActiveCfg = Debug|Any CPU
		{B5F2E08D-4A16-4B38-82E6-AD3BB2BBFB29}.Debug|Any CPU.Build.0 = Debug|Any CPU
		{B5F2E08D-4A16-4B38-82E6-AD3BB2BBFB29}.Release|Any CPU.ActiveCfg = Release|Any CPU
		{B5F2E08D-4A16-4B38-82E6-AD3BB2BBFB29}.Release|Any CPU.Build.0 = Release|Any CPU
		{4D6DBB44-B89A-47A8-AB14-ACC8391C1A59}.Debug|Any CPU.ActiveCfg = Debug|Any CPU
		{4D6DBB44-B89A-47A8-AB14-ACC8391C1A59}.Debug|Any CPU.Build.0 = Debug|Any CPU
		{4D6DBB44-B89A-47A8-AB14-ACC8391C1A59}.Release|Any CPU.ActiveCfg = Release|Any CPU
		{4D6DBB44-B89A-47A8-AB14-ACC8391C1A59}.Release|Any CPU.Build.0 = Release|Any CPU
		{FFB18690-4914-40D3-9BA2-4968DFFB3225}.Debug|Any CPU.ActiveCfg = Debug|Any CPU
		{FFB18690-4914-40D3-9BA2-4968DFFB3225}.Debug|Any CPU.Build.0 = Debug|Any CPU
		{FFB18690-4914-40D3-9BA2-4968DFFB3225}.Release|Any CPU.ActiveCfg = Release|Any CPU
		{FFB18690-4914-40D3-9BA2-4968DFFB3225}.Release|Any CPU.Build.0 = Release|Any CPU
		{E64E58E8-E2C6-4B2C-B649-2934FFFA603F}.Debug|Any CPU.ActiveCfg = Debug|Any CPU
		{E64E58E8-E2C6-4B2C-B649-2934FFFA603F}.Debug|Any CPU.Build.0 = Debug|Any CPU
		{E64E58E8-E2C6-4B2C-B649-2934FFFA603F}.Release|Any CPU.ActiveCfg = Release|Any CPU
		{E64E58E8-E2C6-4B2C-B649-2934FFFA603F}.Release|Any CPU.Build.0 = Release|Any CPU
		{01D07ECE-426E-49A6-AB3F-326BFAAFE407}.Debug|Any CPU.ActiveCfg = Debug|Any CPU
		{01D07ECE-426E-49A6-AB3F-326BFAAFE407}.Debug|Any CPU.Build.0 = Debug|Any CPU
		{01D07ECE-426E-49A6-AB3F-326BFAAFE407}.Release|Any CPU.ActiveCfg = Release|Any CPU
		{01D07ECE-426E-49A6-AB3F-326BFAAFE407}.Release|Any CPU.Build.0 = Release|Any CPU
		{7D5ED080-106F-4A21-A724-54A53B5080A4}.Debug|Any CPU.ActiveCfg = Debug|Any CPU
		{7D5ED080-106F-4A21-A724-54A53B5080A4}.Debug|Any CPU.Build.0 = Debug|Any CPU
		{7D5ED080-106F-4A21-A724-54A53B5080A4}.Release|Any CPU.ActiveCfg = Release|Any CPU
		{7D5ED080-106F-4A21-A724-54A53B5080A4}.Release|Any CPU.Build.0 = Release|Any CPU
		{8B371C38-CA17-4E7F-9175-BDBC6918298F}.Debug|Any CPU.ActiveCfg = Debug|Any CPU
		{8B371C38-CA17-4E7F-9175-BDBC6918298F}.Debug|Any CPU.Build.0 = Debug|Any CPU
		{8B371C38-CA17-4E7F-9175-BDBC6918298F}.Release|Any CPU.ActiveCfg = Release|Any CPU
		{8B371C38-CA17-4E7F-9175-BDBC6918298F}.Release|Any CPU.Build.0 = Release|Any CPU
		{BCBEB6F3-9D2F-4491-8DDF-7E711B1F5252}.Debug|Any CPU.ActiveCfg = Debug|Any CPU
		{BCBEB6F3-9D2F-4491-8DDF-7E711B1F5252}.Debug|Any CPU.Build.0 = Debug|Any CPU
		{BCBEB6F3-9D2F-4491-8DDF-7E711B1F5252}.Release|Any CPU.ActiveCfg = Release|Any CPU
		{BCBEB6F3-9D2F-4491-8DDF-7E711B1F5252}.Release|Any CPU.Build.0 = Release|Any CPU
		{19A37042-59E7-4E14-B930-7AB04DE039C2}.Debug|Any CPU.ActiveCfg = Debug|Any CPU
		{19A37042-59E7-4E14-B930-7AB04DE039C2}.Debug|Any CPU.Build.0 = Debug|Any CPU
		{19A37042-59E7-4E14-B930-7AB04DE039C2}.Release|Any CPU.ActiveCfg = Release|Any CPU
		{19A37042-59E7-4E14-B930-7AB04DE039C2}.Release|Any CPU.Build.0 = Release|Any CPU
		{3099A5D7-A0F3-4D3B-87B8-5E3A7571AFDE}.Debug|Any CPU.ActiveCfg = Debug|Any CPU
		{3099A5D7-A0F3-4D3B-87B8-5E3A7571AFDE}.Debug|Any CPU.Build.0 = Debug|Any CPU
		{3099A5D7-A0F3-4D3B-87B8-5E3A7571AFDE}.Release|Any CPU.ActiveCfg = Release|Any CPU
		{3099A5D7-A0F3-4D3B-87B8-5E3A7571AFDE}.Release|Any CPU.Build.0 = Release|Any CPU
		{0BF7565B-7AF2-4D7D-A450-043AD601FF57}.Debug|Any CPU.ActiveCfg = Debug|Any CPU
		{0BF7565B-7AF2-4D7D-A450-043AD601FF57}.Debug|Any CPU.Build.0 = Debug|Any CPU
		{0BF7565B-7AF2-4D7D-A450-043AD601FF57}.Release|Any CPU.ActiveCfg = Release|Any CPU
		{0BF7565B-7AF2-4D7D-A450-043AD601FF57}.Release|Any CPU.Build.0 = Release|Any CPU
	EndGlobalSection
	GlobalSection(SolutionProperties) = preSolution
		HideSolutionNode = FALSE
	EndGlobalSection
	GlobalSection(NestedProjects) = preSolution
		{C56B9607-41CF-4F59-9EEF-F79D57309EDA} = {AF36576B-C728-4057-AE4F-937BFB04F43D}
		{91F19C1E-ADF8-4B84-9452-04C2CD8F46D4} = {AF36576B-C728-4057-AE4F-937BFB04F43D}
		{5ED43AC5-E456-4894-A253-60B3B3D35D87} = {AF36576B-C728-4057-AE4F-937BFB04F43D}
		{70DC5884-5522-4552-82B5-56C95065155E} = {AF36576B-C728-4057-AE4F-937BFB04F43D}
		{B5F2E08D-4A16-4B38-82E6-AD3BB2BBFB29} = {AF36576B-C728-4057-AE4F-937BFB04F43D}
		{FFB18690-4914-40D3-9BA2-4968DFFB3225} = {AF36576B-C728-4057-AE4F-937BFB04F43D}
		{7D5ED080-106F-4A21-A724-54A53B5080A4} = {AF36576B-C728-4057-AE4F-937BFB04F43D}
		{BCBEB6F3-9D2F-4491-8DDF-7E711B1F5252} = {AF36576B-C728-4057-AE4F-937BFB04F43D}
	EndGlobalSection
	GlobalSection(ExtensibilityGlobals) = postSolution
		SolutionGuid = {3C76E1C6-5B27-4005-8051-03C82E3A4849}
	EndGlobalSection
EndGlobal
