Microsoft Visual Studio Solution File, Format Version 12.00
# Visual Studio Version 16
VisualStudioVersion = 16.0.29306.81
MinimumVisualStudioVersion = 10.0.40219.1
Project("{9A19103F-16F7-4668-BE54-9A1E7A4F7556}") = "Mutagen.Bethesda.Core", "Mutagen.Bethesda.Core\Mutagen.Bethesda.Core.csproj", "{4D6DBB44-B89A-47A8-AB14-ACC8391C1A59}"
EndProject
Project("{9A19103F-16F7-4668-BE54-9A1E7A4F7556}") = "Mutagen.Bethesda.Tests", "Mutagen.Bethesda.Tests\Mutagen.Bethesda.Tests.csproj", "{E64E58E8-E2C6-4B2C-B649-2934FFFA603F}"
EndProject
Project("{9A19103F-16F7-4668-BE54-9A1E7A4F7556}") = "Mutagen.Bethesda.Generation", "Mutagen.Bethesda.Generation\Mutagen.Bethesda.Generation.csproj", "{3099A5D7-A0F3-4D3B-87B8-5E3A7571AFDE}"
EndProject
Project("{9A19103F-16F7-4668-BE54-9A1E7A4F7556}") = "Mutagen.Bethesda.UnitTests", "Mutagen.Bethesda.UnitTests\Mutagen.Bethesda.UnitTests.csproj", "{0BF7565B-7AF2-4D7D-A450-043AD601FF57}"
EndProject
Project("{2150E333-8FDC-42A3-9474-1A3956D46DE8}") = "Solution Items", "Solution Items", "{FA9A74A1-EB32-4C5B-AC5B-FA437870DADF}"
	ProjectSection(SolutionItems) = preProject
		.editorconfig = .editorconfig
		Directory.Build.props = Directory.Build.props
		Directory.Build.targets = Directory.Build.targets
	EndProjectSection
EndProject
Project("{9A19103F-16F7-4668-BE54-9A1E7A4F7556}") = "Mutagen.Bethesda", "Mutagen.Bethesda\Mutagen.Bethesda.csproj", "{38E3015E-EB1D-4362-8D45-704FF67A0F17}"
EndProject
Project("{9A19103F-16F7-4668-BE54-9A1E7A4F7556}") = "Mutagen.Bethesda.Oblivion", "Mutagen.Bethesda.Oblivion\Mutagen.Bethesda.Oblivion.csproj", "{2EC83284-926B-4FA3-BC72-CB9E0AB88F7F}"
EndProject
Project("{9A19103F-16F7-4668-BE54-9A1E7A4F7556}") = "Mutagen.Bethesda.Skyrim", "Mutagen.Bethesda.Skyrim\Mutagen.Bethesda.Skyrim.csproj", "{EB18621F-A965-4065-82D7-0188ADB7F007}"
EndProject
Project("{9A19103F-16F7-4668-BE54-9A1E7A4F7556}") = "Mutagen.Bethesda.Tests.GUI", "Mutagen.Bethesda.Tests.GUI\Mutagen.Bethesda.Tests.GUI.csproj", "{4C7C1AFA-F14A-47FA-99DC-2EEE284CDAD9}"
EndProject
Project("{9A19103F-16F7-4668-BE54-9A1E7A4F7556}") = "Mutagen.Bethesda.Kernel", "Mutagen.Bethesda.Kernel\Mutagen.Bethesda.Kernel.csproj", "{C9F9A3B4-7603-4D58-8D32-B92E5947EB66}"
EndProject
Project("{9A19103F-16F7-4668-BE54-9A1E7A4F7556}") = "Mutagen.Bethesda.WPF", "Mutagen.Bethesda.WPF\Mutagen.Bethesda.WPF.csproj", "{CAFD7BE7-CEF0-4A96-9F77-491908C08591}"
EndProject
Project("{9A19103F-16F7-4668-BE54-9A1E7A4F7556}") = "Mutagen.Bethesda.Fallout4", "Mutagen.Bethesda.Fallout4\Mutagen.Bethesda.Fallout4.csproj", "{50B3BCA9-8075-4251-94AC-FD8F07A9F250}"
EndProject
Project("{9A19103F-16F7-4668-BE54-9A1E7A4F7556}") = "Mutagen.Bethesda.Core.Windows", "Mutagen.Bethesda.Core.Windows\Mutagen.Bethesda.Core.Windows.csproj", "{18FBED7C-AE30-42A8-A02F-259583AB58BC}"
EndProject
Project("{9A19103F-16F7-4668-BE54-9A1E7A4F7556}") = "Mutagen.Bethesda.WPF.TestDisplay", "Mutagen.Bethesda.WPF.TestDisplay\Mutagen.Bethesda.WPF.TestDisplay.csproj", "{AB5B2624-FAB0-44A5-86C1-680D04A55B59}"
EndProject
Project("{FAE04EC0-301F-11D3-BF4B-00C04F79EFBC}") = "Mutagen.Bethesda.Sqlite", "Mutagen.Bethesda.Sqlite\Mutagen.Bethesda.Sqlite.csproj", "{0AD320EB-A1B4-4471-8777-B1C5484E61CF}"
EndProject
Global
	GlobalSection(SolutionConfigurationPlatforms) = preSolution
		Debug|Any CPU = Debug|Any CPU
		Release|Any CPU = Release|Any CPU
	EndGlobalSection
	GlobalSection(ProjectConfigurationPlatforms) = postSolution
		{4D6DBB44-B89A-47A8-AB14-ACC8391C1A59}.Debug|Any CPU.ActiveCfg = Debug|Any CPU
		{4D6DBB44-B89A-47A8-AB14-ACC8391C1A59}.Debug|Any CPU.Build.0 = Debug|Any CPU
		{4D6DBB44-B89A-47A8-AB14-ACC8391C1A59}.Release|Any CPU.ActiveCfg = Release|Any CPU
		{4D6DBB44-B89A-47A8-AB14-ACC8391C1A59}.Release|Any CPU.Build.0 = Release|Any CPU
		{E64E58E8-E2C6-4B2C-B649-2934FFFA603F}.Debug|Any CPU.ActiveCfg = Debug|Any CPU
		{E64E58E8-E2C6-4B2C-B649-2934FFFA603F}.Debug|Any CPU.Build.0 = Debug|Any CPU
		{E64E58E8-E2C6-4B2C-B649-2934FFFA603F}.Release|Any CPU.ActiveCfg = Release|Any CPU
		{E64E58E8-E2C6-4B2C-B649-2934FFFA603F}.Release|Any CPU.Build.0 = Release|Any CPU
		{3099A5D7-A0F3-4D3B-87B8-5E3A7571AFDE}.Debug|Any CPU.ActiveCfg = Debug|Any CPU
		{3099A5D7-A0F3-4D3B-87B8-5E3A7571AFDE}.Debug|Any CPU.Build.0 = Debug|Any CPU
		{3099A5D7-A0F3-4D3B-87B8-5E3A7571AFDE}.Release|Any CPU.ActiveCfg = Release|Any CPU
		{3099A5D7-A0F3-4D3B-87B8-5E3A7571AFDE}.Release|Any CPU.Build.0 = Release|Any CPU
		{0BF7565B-7AF2-4D7D-A450-043AD601FF57}.Debug|Any CPU.ActiveCfg = Debug|Any CPU
		{0BF7565B-7AF2-4D7D-A450-043AD601FF57}.Debug|Any CPU.Build.0 = Debug|Any CPU
		{0BF7565B-7AF2-4D7D-A450-043AD601FF57}.Release|Any CPU.ActiveCfg = Release|Any CPU
		{0BF7565B-7AF2-4D7D-A450-043AD601FF57}.Release|Any CPU.Build.0 = Release|Any CPU
		{38E3015E-EB1D-4362-8D45-704FF67A0F17}.Debug|Any CPU.ActiveCfg = Debug|Any CPU
		{38E3015E-EB1D-4362-8D45-704FF67A0F17}.Debug|Any CPU.Build.0 = Debug|Any CPU
		{38E3015E-EB1D-4362-8D45-704FF67A0F17}.Release|Any CPU.ActiveCfg = Release|Any CPU
		{38E3015E-EB1D-4362-8D45-704FF67A0F17}.Release|Any CPU.Build.0 = Release|Any CPU
		{2EC83284-926B-4FA3-BC72-CB9E0AB88F7F}.Debug|Any CPU.ActiveCfg = Debug|Any CPU
		{2EC83284-926B-4FA3-BC72-CB9E0AB88F7F}.Debug|Any CPU.Build.0 = Debug|Any CPU
		{2EC83284-926B-4FA3-BC72-CB9E0AB88F7F}.Release|Any CPU.ActiveCfg = Release|Any CPU
		{2EC83284-926B-4FA3-BC72-CB9E0AB88F7F}.Release|Any CPU.Build.0 = Release|Any CPU
		{EB18621F-A965-4065-82D7-0188ADB7F007}.Debug|Any CPU.ActiveCfg = Debug|Any CPU
		{EB18621F-A965-4065-82D7-0188ADB7F007}.Debug|Any CPU.Build.0 = Debug|Any CPU
		{EB18621F-A965-4065-82D7-0188ADB7F007}.Release|Any CPU.ActiveCfg = Release|Any CPU
		{EB18621F-A965-4065-82D7-0188ADB7F007}.Release|Any CPU.Build.0 = Release|Any CPU
		{4C7C1AFA-F14A-47FA-99DC-2EEE284CDAD9}.Debug|Any CPU.ActiveCfg = Debug|Any CPU
		{4C7C1AFA-F14A-47FA-99DC-2EEE284CDAD9}.Debug|Any CPU.Build.0 = Debug|Any CPU
		{4C7C1AFA-F14A-47FA-99DC-2EEE284CDAD9}.Release|Any CPU.ActiveCfg = Release|Any CPU
		{4C7C1AFA-F14A-47FA-99DC-2EEE284CDAD9}.Release|Any CPU.Build.0 = Release|Any CPU
		{C9F9A3B4-7603-4D58-8D32-B92E5947EB66}.Debug|Any CPU.ActiveCfg = Debug|Any CPU
		{C9F9A3B4-7603-4D58-8D32-B92E5947EB66}.Debug|Any CPU.Build.0 = Debug|Any CPU
		{C9F9A3B4-7603-4D58-8D32-B92E5947EB66}.Release|Any CPU.ActiveCfg = Release|Any CPU
		{C9F9A3B4-7603-4D58-8D32-B92E5947EB66}.Release|Any CPU.Build.0 = Release|Any CPU
		{CAFD7BE7-CEF0-4A96-9F77-491908C08591}.Debug|Any CPU.ActiveCfg = Debug|Any CPU
		{CAFD7BE7-CEF0-4A96-9F77-491908C08591}.Debug|Any CPU.Build.0 = Debug|Any CPU
		{CAFD7BE7-CEF0-4A96-9F77-491908C08591}.Release|Any CPU.ActiveCfg = Release|Any CPU
		{CAFD7BE7-CEF0-4A96-9F77-491908C08591}.Release|Any CPU.Build.0 = Release|Any CPU
		{50B3BCA9-8075-4251-94AC-FD8F07A9F250}.Debug|Any CPU.ActiveCfg = Debug|Any CPU
		{50B3BCA9-8075-4251-94AC-FD8F07A9F250}.Debug|Any CPU.Build.0 = Debug|Any CPU
		{50B3BCA9-8075-4251-94AC-FD8F07A9F250}.Release|Any CPU.ActiveCfg = Release|Any CPU
		{50B3BCA9-8075-4251-94AC-FD8F07A9F250}.Release|Any CPU.Build.0 = Release|Any CPU
		{18FBED7C-AE30-42A8-A02F-259583AB58BC}.Debug|Any CPU.ActiveCfg = Debug|Any CPU
		{18FBED7C-AE30-42A8-A02F-259583AB58BC}.Debug|Any CPU.Build.0 = Debug|Any CPU
		{18FBED7C-AE30-42A8-A02F-259583AB58BC}.Release|Any CPU.ActiveCfg = Release|Any CPU
		{18FBED7C-AE30-42A8-A02F-259583AB58BC}.Release|Any CPU.Build.0 = Release|Any CPU
		{AB5B2624-FAB0-44A5-86C1-680D04A55B59}.Debug|Any CPU.ActiveCfg = Debug|Any CPU
		{AB5B2624-FAB0-44A5-86C1-680D04A55B59}.Debug|Any CPU.Build.0 = Debug|Any CPU
		{AB5B2624-FAB0-44A5-86C1-680D04A55B59}.Release|Any CPU.ActiveCfg = Release|Any CPU
		{AB5B2624-FAB0-44A5-86C1-680D04A55B59}.Release|Any CPU.Build.0 = Release|Any CPU
		{0AD320EB-A1B4-4471-8777-B1C5484E61CF}.Debug|Any CPU.ActiveCfg = Debug|Any CPU
		{0AD320EB-A1B4-4471-8777-B1C5484E61CF}.Debug|Any CPU.Build.0 = Debug|Any CPU
		{0AD320EB-A1B4-4471-8777-B1C5484E61CF}.Release|Any CPU.ActiveCfg = Release|Any CPU
		{0AD320EB-A1B4-4471-8777-B1C5484E61CF}.Release|Any CPU.Build.0 = Release|Any CPU
	EndGlobalSection
	GlobalSection(SolutionProperties) = preSolution
		HideSolutionNode = FALSE
	EndGlobalSection
	GlobalSection(ExtensibilityGlobals) = postSolution
		SolutionGuid = {3C76E1C6-5B27-4005-8051-03C82E3A4849}
	EndGlobalSection
EndGlobal
