
Microsoft Visual Studio Solution File, Format Version 12.00
# Visual Studio Version 16
VisualStudioVersion = 16.0.29306.81
MinimumVisualStudioVersion = 10.0.40219.1
Project("{9A19103F-16F7-4668-BE54-9A1E7A4F7556}") = "Mutagen.Bethesda.Core", "Mutagen.Bethesda.Core\Mutagen.Bethesda.Core.csproj", "{4D6DBB44-B89A-47A8-AB14-ACC8391C1A59}"
EndProject
Project("{9A19103F-16F7-4668-BE54-9A1E7A4F7556}") = "Mutagen.Bethesda.Tests", "Mutagen.Bethesda.Tests\Mutagen.Bethesda.Tests.csproj", "{E64E58E8-E2C6-4B2C-B649-2934FFFA603F}"
EndProject
Project("{9A19103F-16F7-4668-BE54-9A1E7A4F7556}") = "Mutagen.Bethesda.Generation", "Mutagen.Bethesda.Generation\Mutagen.Bethesda.Generation.csproj", "{3099A5D7-A0F3-4D3B-87B8-5E3A7571AFDE}"
EndProject
Project("{9A19103F-16F7-4668-BE54-9A1E7A4F7556}") = "Mutagen.Bethesda.UnitTests", "Mutagen.Bethesda.UnitTests\Mutagen.Bethesda.UnitTests.csproj", "{0BF7565B-7AF2-4D7D-A450-043AD601FF57}"
EndProject
Project("{2150E333-8FDC-42A3-9474-1A3956D46DE8}") = "Solution Items", "Solution Items", "{FA9A74A1-EB32-4C5B-AC5B-FA437870DADF}"
	ProjectSection(SolutionItems) = preProject
		.editorconfig = .editorconfig
	EndProjectSection
EndProject
Project("{9A19103F-16F7-4668-BE54-9A1E7A4F7556}") = "Mutagen.Bethesda.Records", "Mutagen.Bethesda.Records\Mutagen.Bethesda.Records.csproj", "{E2D79D6E-66B2-4470-BEEC-C4B3B73C1ED3}"
EndProject
Project("{FAE04EC0-301F-11D3-BF4B-00C04F79EFBC}") = "Mutagen.Bethesda", "Mutagen.Bethesda\Mutagen.Bethesda.csproj", "{38E3015E-EB1D-4362-8D45-704FF67A0F17}"
EndProject
Global
	GlobalSection(SolutionConfigurationPlatforms) = preSolution
		Debug|Any CPU = Debug|Any CPU
		Release|Any CPU = Release|Any CPU
	EndGlobalSection
	GlobalSection(ProjectConfigurationPlatforms) = postSolution
		{4D6DBB44-B89A-47A8-AB14-ACC8391C1A59}.Debug|Any CPU.ActiveCfg = Debug|Any CPU
		{4D6DBB44-B89A-47A8-AB14-ACC8391C1A59}.Debug|Any CPU.Build.0 = Debug|Any CPU
		{4D6DBB44-B89A-47A8-AB14-ACC8391C1A59}.Release|Any CPU.ActiveCfg = Release|Any CPU
		{4D6DBB44-B89A-47A8-AB14-ACC8391C1A59}.Release|Any CPU.Build.0 = Release|Any CPU
		{E64E58E8-E2C6-4B2C-B649-2934FFFA603F}.Debug|Any CPU.ActiveCfg = Debug|Any CPU
		{E64E58E8-E2C6-4B2C-B649-2934FFFA603F}.Debug|Any CPU.Build.0 = Debug|Any CPU
		{E64E58E8-E2C6-4B2C-B649-2934FFFA603F}.Release|Any CPU.ActiveCfg = Release|Any CPU
		{E64E58E8-E2C6-4B2C-B649-2934FFFA603F}.Release|Any CPU.Build.0 = Release|Any CPU
		{3099A5D7-A0F3-4D3B-87B8-5E3A7571AFDE}.Debug|Any CPU.ActiveCfg = Debug|Any CPU
		{3099A5D7-A0F3-4D3B-87B8-5E3A7571AFDE}.Debug|Any CPU.Build.0 = Debug|Any CPU
		{3099A5D7-A0F3-4D3B-87B8-5E3A7571AFDE}.Release|Any CPU.ActiveCfg = Release|Any CPU
		{3099A5D7-A0F3-4D3B-87B8-5E3A7571AFDE}.Release|Any CPU.Build.0 = Release|Any CPU
		{0BF7565B-7AF2-4D7D-A450-043AD601FF57}.Debug|Any CPU.ActiveCfg = Debug|Any CPU
		{0BF7565B-7AF2-4D7D-A450-043AD601FF57}.Debug|Any CPU.Build.0 = Debug|Any CPU
		{0BF7565B-7AF2-4D7D-A450-043AD601FF57}.Release|Any CPU.ActiveCfg = Release|Any CPU
		{0BF7565B-7AF2-4D7D-A450-043AD601FF57}.Release|Any CPU.Build.0 = Release|Any CPU
		{E2D79D6E-66B2-4470-BEEC-C4B3B73C1ED3}.Debug|Any CPU.ActiveCfg = Debug|Any CPU
		{E2D79D6E-66B2-4470-BEEC-C4B3B73C1ED3}.Debug|Any CPU.Build.0 = Debug|Any CPU
		{E2D79D6E-66B2-4470-BEEC-C4B3B73C1ED3}.Release|Any CPU.ActiveCfg = Release|Any CPU
		{E2D79D6E-66B2-4470-BEEC-C4B3B73C1ED3}.Release|Any CPU.Build.0 = Release|Any CPU
		{38E3015E-EB1D-4362-8D45-704FF67A0F17}.Debug|Any CPU.ActiveCfg = Debug|Any CPU
		{38E3015E-EB1D-4362-8D45-704FF67A0F17}.Debug|Any CPU.Build.0 = Debug|Any CPU
		{38E3015E-EB1D-4362-8D45-704FF67A0F17}.Release|Any CPU.ActiveCfg = Release|Any CPU
		{38E3015E-EB1D-4362-8D45-704FF67A0F17}.Release|Any CPU.Build.0 = Release|Any CPU
	EndGlobalSection
	GlobalSection(SolutionProperties) = preSolution
		HideSolutionNode = FALSE
	EndGlobalSection
	GlobalSection(ExtensibilityGlobals) = postSolution
		SolutionGuid = {3C76E1C6-5B27-4005-8051-03C82E3A4849}
	EndGlobalSection
EndGlobal
